
Microsoft Visual Studio Solution File, Format Version 12.00
# Visual Studio Version 16
VisualStudioVersion = 16.0.31205.134
MinimumVisualStudioVersion = 10.0.40219.1
Project("{FAE04EC0-301F-11D3-BF4B-00C04F79EFBC}") = "Website Bán Nước Hoa", "Website Bán Nước Hoa.csproj", "{FE0C8097-BBC2-416B-9EB1-65FCA6BA12BC}"
EndProject
Global
	GlobalSection(SolutionConfigurationPlatforms) = preSolution
		Debug|Any CPU = Debug|Any CPU
		Release|Any CPU = Release|Any CPU
	EndGlobalSection
	GlobalSection(ProjectConfigurationPlatforms) = postSolution
		{FE0C8097-BBC2-416B-9EB1-65FCA6BA12BC}.Debug|Any CPU.ActiveCfg = Debug|Any CPU
		{FE0C8097-BBC2-416B-9EB1-65FCA6BA12BC}.Debug|Any CPU.Build.0 = Debug|Any CPU
		{FE0C8097-BBC2-416B-9EB1-65FCA6BA12BC}.Release|Any CPU.ActiveCfg = Release|Any CPU
		{FE0C8097-BBC2-416B-9EB1-65FCA6BA12BC}.Release|Any CPU.Build.0 = Release|Any CPU
	EndGlobalSection
	GlobalSection(SolutionProperties) = preSolution
		HideSolutionNode = FALSE
	EndGlobalSection
	GlobalSection(ExtensibilityGlobals) = postSolution
		SolutionGuid = {E6E9B630-1BFC-4A8A-8375-1E971580072B}
	EndGlobalSection
EndGlobal
